// !$*UTF8*$!
{
	archiveVersion = 1;
	classes = {
	};
	objectVersion = 56;
	objects = {

/* Begin PBXBuildFile section */
		6E05F5E02C00BCCF001767E3 /* FooterMenuView.swift in Sources */ = {isa = PBXBuildFile; fileRef = 6E05F5DF2C00BCCF001767E3 /* FooterMenuView.swift */; };
		6E5A93362C0075980061AA4C /* VeriphoneView.swift in Sources */ = {isa = PBXBuildFile; fileRef = 6E5A93352C0075980061AA4C /* VeriphoneView.swift */; };
		6E5A93382C0075B10061AA4C /* VeriphoneController.swift in Sources */ = {isa = PBXBuildFile; fileRef = 6E5A93372C0075B10061AA4C /* VeriphoneController.swift */; };
		6ED8302D2BF77ED200484F7B /* iosProjectApp.swift in Sources */ = {isa = PBXBuildFile; fileRef = 6ED8302C2BF77ED200484F7B /* iosProjectApp.swift */; };
		6ED8302F2BF77ED200484F7B /* ContentView.swift in Sources */ = {isa = PBXBuildFile; fileRef = 6ED8302E2BF77ED200484F7B /* ContentView.swift */; };
		6ED830312BF77ED300484F7B /* Assets.xcassets in Resources */ = {isa = PBXBuildFile; fileRef = 6ED830302BF77ED300484F7B /* Assets.xcassets */; };
		6ED830342BF77ED300484F7B /* Preview Assets.xcassets in Resources */ = {isa = PBXBuildFile; fileRef = 6ED830332BF77ED300484F7B /* Preview Assets.xcassets */; };
		6ED8303E2BF77ED400484F7B /* iosProjectTests.swift in Sources */ = {isa = PBXBuildFile; fileRef = 6ED8303D2BF77ED400484F7B /* iosProjectTests.swift */; };
		6ED830482BF77ED400484F7B /* iosProjectUITests.swift in Sources */ = {isa = PBXBuildFile; fileRef = 6ED830472BF77ED400484F7B /* iosProjectUITests.swift */; };
		6ED8304A2BF77ED400484F7B /* iosProjectUITestsLaunchTests.swift in Sources */ = {isa = PBXBuildFile; fileRef = 6ED830492BF77ED400484F7B /* iosProjectUITestsLaunchTests.swift */; };
		6ED830572BF7855900484F7B /* LocalisationView.swift in Sources */ = {isa = PBXBuildFile; fileRef = 6ED830562BF7855900484F7B /* LocalisationView.swift */; };
		6ED830592BF788E400484F7B /* TranslateView.swift in Sources */ = {isa = PBXBuildFile; fileRef = 6ED830582BF788E400484F7B /* TranslateView.swift */; };
		6ED8305D2BF7917200484F7B /* LocalisationController.swift in Sources */ = {isa = PBXBuildFile; fileRef = 6ED8305C2BF7917200484F7B /* LocalisationController.swift */; };
		6ED8305F2BF7A15A00484F7B /* TranslateController.swift in Sources */ = {isa = PBXBuildFile; fileRef = 6ED8305E2BF7A15A00484F7B /* TranslateController.swift */; };
/* End PBXBuildFile section */

/* Begin PBXContainerItemProxy section */
		6ED8303A2BF77ED400484F7B /* PBXContainerItemProxy */ = {
			isa = PBXContainerItemProxy;
			containerPortal = 6ED830212BF77ED200484F7B /* Project object */;
			proxyType = 1;
			remoteGlobalIDString = 6ED830282BF77ED200484F7B;
			remoteInfo = iosProject;
		};
		6ED830442BF77ED400484F7B /* PBXContainerItemProxy */ = {
			isa = PBXContainerItemProxy;
			containerPortal = 6ED830212BF77ED200484F7B /* Project object */;
			proxyType = 1;
			remoteGlobalIDString = 6ED830282BF77ED200484F7B;
			remoteInfo = iosProject;
		};
/* End PBXContainerItemProxy section */

/* Begin PBXFileReference section */
		6E05F5DF2C00BCCF001767E3 /* FooterMenuView.swift */ = {isa = PBXFileReference; lastKnownFileType = sourcecode.swift; path = FooterMenuView.swift; sourceTree = "<group>"; };
		6E5A93352C0075980061AA4C /* VeriphoneView.swift */ = {isa = PBXFileReference; lastKnownFileType = sourcecode.swift; path = VeriphoneView.swift; sourceTree = "<group>"; };
		6E5A93372C0075B10061AA4C /* VeriphoneController.swift */ = {isa = PBXFileReference; lastKnownFileType = sourcecode.swift; path = VeriphoneController.swift; sourceTree = "<group>"; };
		6ED830292BF77ED200484F7B /* iosProject.app */ = {isa = PBXFileReference; explicitFileType = wrapper.application; includeInIndex = 0; path = iosProject.app; sourceTree = BUILT_PRODUCTS_DIR; };
		6ED8302C2BF77ED200484F7B /* iosProjectApp.swift */ = {isa = PBXFileReference; lastKnownFileType = sourcecode.swift; path = iosProjectApp.swift; sourceTree = "<group>"; };
		6ED8302E2BF77ED200484F7B /* ContentView.swift */ = {isa = PBXFileReference; lastKnownFileType = sourcecode.swift; path = ContentView.swift; sourceTree = "<group>"; };
		6ED830302BF77ED300484F7B /* Assets.xcassets */ = {isa = PBXFileReference; lastKnownFileType = folder.assetcatalog; path = Assets.xcassets; sourceTree = "<group>"; };
		6ED830332BF77ED300484F7B /* Preview Assets.xcassets */ = {isa = PBXFileReference; lastKnownFileType = folder.assetcatalog; path = "Preview Assets.xcassets"; sourceTree = "<group>"; };
		6ED830392BF77ED400484F7B /* iosProjectTests.xctest */ = {isa = PBXFileReference; explicitFileType = wrapper.cfbundle; includeInIndex = 0; path = iosProjectTests.xctest; sourceTree = BUILT_PRODUCTS_DIR; };
		6ED8303D2BF77ED400484F7B /* iosProjectTests.swift */ = {isa = PBXFileReference; lastKnownFileType = sourcecode.swift; path = iosProjectTests.swift; sourceTree = "<group>"; };
		6ED830432BF77ED400484F7B /* iosProjectUITests.xctest */ = {isa = PBXFileReference; explicitFileType = wrapper.cfbundle; includeInIndex = 0; path = iosProjectUITests.xctest; sourceTree = BUILT_PRODUCTS_DIR; };
		6ED830472BF77ED400484F7B /* iosProjectUITests.swift */ = {isa = PBXFileReference; lastKnownFileType = sourcecode.swift; path = iosProjectUITests.swift; sourceTree = "<group>"; };
		6ED830492BF77ED400484F7B /* iosProjectUITestsLaunchTests.swift */ = {isa = PBXFileReference; lastKnownFileType = sourcecode.swift; path = iosProjectUITestsLaunchTests.swift; sourceTree = "<group>"; };
		6ED830562BF7855900484F7B /* LocalisationView.swift */ = {isa = PBXFileReference; lastKnownFileType = sourcecode.swift; path = LocalisationView.swift; sourceTree = "<group>"; };
		6ED830582BF788E400484F7B /* TranslateView.swift */ = {isa = PBXFileReference; lastKnownFileType = sourcecode.swift; path = TranslateView.swift; sourceTree = "<group>"; };
		6ED8305C2BF7917200484F7B /* LocalisationController.swift */ = {isa = PBXFileReference; lastKnownFileType = sourcecode.swift; path = LocalisationController.swift; sourceTree = "<group>"; };
		6ED8305E2BF7A15A00484F7B /* TranslateController.swift */ = {isa = PBXFileReference; lastKnownFileType = sourcecode.swift; path = TranslateController.swift; sourceTree = "<group>"; };
/* End PBXFileReference section */

/* Begin PBXFrameworksBuildPhase section */
		6ED830262BF77ED200484F7B /* Frameworks */ = {
			isa = PBXFrameworksBuildPhase;
			buildActionMask = 2147483647;
			files = (
			);
			runOnlyForDeploymentPostprocessing = 0;
		};
		6ED830362BF77ED400484F7B /* Frameworks */ = {
			isa = PBXFrameworksBuildPhase;
			buildActionMask = 2147483647;
			files = (
			);
			runOnlyForDeploymentPostprocessing = 0;
		};
		6ED830402BF77ED400484F7B /* Frameworks */ = {
			isa = PBXFrameworksBuildPhase;
			buildActionMask = 2147483647;
			files = (
			);
			runOnlyForDeploymentPostprocessing = 0;
		};
/* End PBXFrameworksBuildPhase section */

/* Begin PBXGroup section */
		6ED830202BF77ED200484F7B = {
			isa = PBXGroup;
			children = (
				6ED8302B2BF77ED200484F7B /* iosProject */,
				6ED8303C2BF77ED400484F7B /* iosProjectTests */,
				6ED830462BF77ED400484F7B /* iosProjectUITests */,
				6ED8302A2BF77ED200484F7B /* Products */,
			);
			sourceTree = "<group>";
		};
		6ED8302A2BF77ED200484F7B /* Products */ = {
			isa = PBXGroup;
			children = (
				6ED830292BF77ED200484F7B /* iosProject.app */,
				6ED830392BF77ED400484F7B /* iosProjectTests.xctest */,
				6ED830432BF77ED400484F7B /* iosProjectUITests.xctest */,
			);
			name = Products;
			sourceTree = "<group>";
		};
		6ED8302B2BF77ED200484F7B /* iosProject */ = {
			isa = PBXGroup;
			children = (
				6E5A93372C0075B10061AA4C /* VeriphoneController.swift */,
				6E5A93352C0075980061AA4C /* VeriphoneView.swift */,
				6ED8305E2BF7A15A00484F7B /* TranslateController.swift */,
				6ED830582BF788E400484F7B /* TranslateView.swift */,
				6ED8305C2BF7917200484F7B /* LocalisationController.swift */,
				6ED830562BF7855900484F7B /* LocalisationView.swift */,
				6E05F5DF2C00BCCF001767E3 /* FooterMenuView.swift */,
				6ED8302C2BF77ED200484F7B /* iosProjectApp.swift */,
				6ED8302E2BF77ED200484F7B /* ContentView.swift */,
				6ED830302BF77ED300484F7B /* Assets.xcassets */,
				6ED830322BF77ED300484F7B /* Preview Content */,
			);
			path = iosProject;
			sourceTree = "<group>";
		};
		6ED830322BF77ED300484F7B /* Preview Content */ = {
			isa = PBXGroup;
			children = (
				6ED830332BF77ED300484F7B /* Preview Assets.xcassets */,
			);
			path = "Preview Content";
			sourceTree = "<group>";
		};
		6ED8303C2BF77ED400484F7B /* iosProjectTests */ = {
			isa = PBXGroup;
			children = (
				6ED8303D2BF77ED400484F7B /* iosProjectTests.swift */,
			);
			path = iosProjectTests;
			sourceTree = "<group>";
		};
		6ED830462BF77ED400484F7B /* iosProjectUITests */ = {
			isa = PBXGroup;
			children = (
				6ED830472BF77ED400484F7B /* iosProjectUITests.swift */,
				6ED830492BF77ED400484F7B /* iosProjectUITestsLaunchTests.swift */,
			);
			path = iosProjectUITests;
			sourceTree = "<group>";
		};
/* End PBXGroup section */

/* Begin PBXNativeTarget section */
		6ED830282BF77ED200484F7B /* iosProject */ = {
			isa = PBXNativeTarget;
			buildConfigurationList = 6ED8304D2BF77ED400484F7B /* Build configuration list for PBXNativeTarget "iosProject" */;
			buildPhases = (
				6ED830252BF77ED200484F7B /* Sources */,
				6ED830262BF77ED200484F7B /* Frameworks */,
				6ED830272BF77ED200484F7B /* Resources */,
			);
			buildRules = (
			);
			dependencies = (
			);
			name = iosProject;
			productName = iosProject;
			productReference = 6ED830292BF77ED200484F7B /* iosProject.app */;
			productType = "com.apple.product-type.application";
		};
		6ED830382BF77ED400484F7B /* iosProjectTests */ = {
			isa = PBXNativeTarget;
			buildConfigurationList = 6ED830502BF77ED400484F7B /* Build configuration list for PBXNativeTarget "iosProjectTests" */;
			buildPhases = (
				6ED830352BF77ED400484F7B /* Sources */,
				6ED830362BF77ED400484F7B /* Frameworks */,
				6ED830372BF77ED400484F7B /* Resources */,
			);
			buildRules = (
			);
			dependencies = (
				6ED8303B2BF77ED400484F7B /* PBXTargetDependency */,
			);
			name = iosProjectTests;
			productName = iosProjectTests;
			productReference = 6ED830392BF77ED400484F7B /* iosProjectTests.xctest */;
			productType = "com.apple.product-type.bundle.unit-test";
		};
		6ED830422BF77ED400484F7B /* iosProjectUITests */ = {
			isa = PBXNativeTarget;
			buildConfigurationList = 6ED830532BF77ED400484F7B /* Build configuration list for PBXNativeTarget "iosProjectUITests" */;
			buildPhases = (
				6ED8303F2BF77ED400484F7B /* Sources */,
				6ED830402BF77ED400484F7B /* Frameworks */,
				6ED830412BF77ED400484F7B /* Resources */,
			);
			buildRules = (
			);
			dependencies = (
				6ED830452BF77ED400484F7B /* PBXTargetDependency */,
			);
			name = iosProjectUITests;
			productName = iosProjectUITests;
			productReference = 6ED830432BF77ED400484F7B /* iosProjectUITests.xctest */;
			productType = "com.apple.product-type.bundle.ui-testing";
		};
/* End PBXNativeTarget section */

/* Begin PBXProject section */
		6ED830212BF77ED200484F7B /* Project object */ = {
			isa = PBXProject;
			attributes = {
				BuildIndependentTargetsInParallel = 1;
				LastSwiftUpdateCheck = 1400;
				LastUpgradeCheck = 1400;
				TargetAttributes = {
					6ED830282BF77ED200484F7B = {
						CreatedOnToolsVersion = 14.0.1;
					};
					6ED830382BF77ED400484F7B = {
						CreatedOnToolsVersion = 14.0.1;
						TestTargetID = 6ED830282BF77ED200484F7B;
					};
					6ED830422BF77ED400484F7B = {
						CreatedOnToolsVersion = 14.0.1;
						TestTargetID = 6ED830282BF77ED200484F7B;
					};
				};
			};
			buildConfigurationList = 6ED830242BF77ED200484F7B /* Build configuration list for PBXProject "iosProject" */;
			compatibilityVersion = "Xcode 14.0";
			developmentRegion = en;
			hasScannedForEncodings = 0;
			knownRegions = (
				en,
				Base,
			);
			mainGroup = 6ED830202BF77ED200484F7B;
			productRefGroup = 6ED8302A2BF77ED200484F7B /* Products */;
			projectDirPath = "";
			projectRoot = "";
			targets = (
				6ED830282BF77ED200484F7B /* iosProject */,
				6ED830382BF77ED400484F7B /* iosProjectTests */,
				6ED830422BF77ED400484F7B /* iosProjectUITests */,
			);
		};
/* End PBXProject section */

/* Begin PBXResourcesBuildPhase section */
		6ED830272BF77ED200484F7B /* Resources */ = {
			isa = PBXResourcesBuildPhase;
			buildActionMask = 2147483647;
			files = (
				6ED830342BF77ED300484F7B /* Preview Assets.xcassets in Resources */,
				6ED830312BF77ED300484F7B /* Assets.xcassets in Resources */,
			);
			runOnlyForDeploymentPostprocessing = 0;
		};
		6ED830372BF77ED400484F7B /* Resources */ = {
			isa = PBXResourcesBuildPhase;
			buildActionMask = 2147483647;
			files = (
			);
			runOnlyForDeploymentPostprocessing = 0;
		};
		6ED830412BF77ED400484F7B /* Resources */ = {
			isa = PBXResourcesBuildPhase;
			buildActionMask = 2147483647;
			files = (
			);
			runOnlyForDeploymentPostprocessing = 0;
		};
/* End PBXResourcesBuildPhase section */

/* Begin PBXSourcesBuildPhase section */
		6ED830252BF77ED200484F7B /* Sources */ = {
			isa = PBXSourcesBuildPhase;
			buildActionMask = 2147483647;
			files = (
				6E05F5E02C00BCCF001767E3 /* FooterMenuView.swift in Sources */,
				6E5A93382C0075B10061AA4C /* VeriphoneController.swift in Sources */,
				6E5A93362C0075980061AA4C /* VeriphoneView.swift in Sources */,
				6ED830572BF7855900484F7B /* LocalisationView.swift in Sources */,
				6ED8302F2BF77ED200484F7B /* ContentView.swift in Sources */,
				6ED8305D2BF7917200484F7B /* LocalisationController.swift in Sources */,
				6ED8302D2BF77ED200484F7B /* iosProjectApp.swift in Sources */,
				6ED830592BF788E400484F7B /* TranslateView.swift in Sources */,
				6ED8305F2BF7A15A00484F7B /* TranslateController.swift in Sources */,
			);
			runOnlyForDeploymentPostprocessing = 0;
		};
		6ED830352BF77ED400484F7B /* Sources */ = {
			isa = PBXSourcesBuildPhase;
			buildActionMask = 2147483647;
			files = (
				6ED8303E2BF77ED400484F7B /* iosProjectTests.swift in Sources */,
			);
			runOnlyForDeploymentPostprocessing = 0;
		};
		6ED8303F2BF77ED400484F7B /* Sources */ = {
			isa = PBXSourcesBuildPhase;
			buildActionMask = 2147483647;
			files = (
				6ED8304A2BF77ED400484F7B /* iosProjectUITestsLaunchTests.swift in Sources */,
				6ED830482BF77ED400484F7B /* iosProjectUITests.swift in Sources */,
			);
			runOnlyForDeploymentPostprocessing = 0;
		};
/* End PBXSourcesBuildPhase section */

/* Begin PBXTargetDependency section */
		6ED8303B2BF77ED400484F7B /* PBXTargetDependency */ = {
			isa = PBXTargetDependency;
			target = 6ED830282BF77ED200484F7B /* iosProject */;
			targetProxy = 6ED8303A2BF77ED400484F7B /* PBXContainerItemProxy */;
		};
		6ED830452BF77ED400484F7B /* PBXTargetDependency */ = {
			isa = PBXTargetDependency;
			target = 6ED830282BF77ED200484F7B /* iosProject */;
			targetProxy = 6ED830442BF77ED400484F7B /* PBXContainerItemProxy */;
		};
/* End PBXTargetDependency section */

/* Begin XCBuildConfiguration section */
		6ED8304B2BF77ED400484F7B /* Debug */ = {
			isa = XCBuildConfiguration;
			buildSettings = {
				ALWAYS_SEARCH_USER_PATHS = NO;
				CLANG_ANALYZER_NONNULL = YES;
				CLANG_ANALYZER_NUMBER_OBJECT_CONVERSION = YES_AGGRESSIVE;
				CLANG_CXX_LANGUAGE_STANDARD = "gnu++20";
				CLANG_ENABLE_MODULES = YES;
				CLANG_ENABLE_OBJC_ARC = YES;
				CLANG_ENABLE_OBJC_WEAK = YES;
				CLANG_WARN_BLOCK_CAPTURE_AUTORELEASING = YES;
				CLANG_WARN_BOOL_CONVERSION = YES;
				CLANG_WARN_COMMA = YES;
				CLANG_WARN_CONSTANT_CONVERSION = YES;
				CLANG_WARN_DEPRECATED_OBJC_IMPLEMENTATIONS = YES;
				CLANG_WARN_DIRECT_OBJC_ISA_USAGE = YES_ERROR;
				CLANG_WARN_DOCUMENTATION_COMMENTS = YES;
				CLANG_WARN_EMPTY_BODY = YES;
				CLANG_WARN_ENUM_CONVERSION = YES;
				CLANG_WARN_INFINITE_RECURSION = YES;
				CLANG_WARN_INT_CONVERSION = YES;
				CLANG_WARN_NON_LITERAL_NULL_CONVERSION = YES;
				CLANG_WARN_OBJC_IMPLICIT_RETAIN_SELF = YES;
				CLANG_WARN_OBJC_LITERAL_CONVERSION = YES;
				CLANG_WARN_OBJC_ROOT_CLASS = YES_ERROR;
				CLANG_WARN_QUOTED_INCLUDE_IN_FRAMEWORK_HEADER = YES;
				CLANG_WARN_RANGE_LOOP_ANALYSIS = YES;
				CLANG_WARN_STRICT_PROTOTYPES = YES;
				CLANG_WARN_SUSPICIOUS_MOVE = YES;
				CLANG_WARN_UNGUARDED_AVAILABILITY = YES_AGGRESSIVE;
				CLANG_WARN_UNREACHABLE_CODE = YES;
				CLANG_WARN__DUPLICATE_METHOD_MATCH = YES;
				COPY_PHASE_STRIP = NO;
				DEBUG_INFORMATION_FORMAT = dwarf;
				ENABLE_STRICT_OBJC_MSGSEND = YES;
				ENABLE_TESTABILITY = YES;
				GCC_C_LANGUAGE_STANDARD = gnu11;
				GCC_DYNAMIC_NO_PIC = NO;
				GCC_NO_COMMON_BLOCKS = YES;
				GCC_OPTIMIZATION_LEVEL = 0;
				GCC_PREPROCESSOR_DEFINITIONS = (
					"DEBUG=1",
					"$(inherited)",
				);
				GCC_WARN_64_TO_32_BIT_CONVERSION = YES;
				GCC_WARN_ABOUT_RETURN_TYPE = YES_ERROR;
				GCC_WARN_UNDECLARED_SELECTOR = YES;
				GCC_WARN_UNINITIALIZED_AUTOS = YES_AGGRESSIVE;
				GCC_WARN_UNUSED_FUNCTION = YES;
				GCC_WARN_UNUSED_VARIABLE = YES;
				IPHONEOS_DEPLOYMENT_TARGET = 16.0;
				MTL_ENABLE_DEBUG_INFO = INCLUDE_SOURCE;
				MTL_FAST_MATH = YES;
				ONLY_ACTIVE_ARCH = YES;
				SDKROOT = iphoneos;
				SWIFT_ACTIVE_COMPILATION_CONDITIONS = DEBUG;
				SWIFT_OPTIMIZATION_LEVEL = "-Onone";
			};
			name = Debug;
		};
		6ED8304C2BF77ED400484F7B /* Release */ = {
			isa = XCBuildConfiguration;
			buildSettings = {
				ALWAYS_SEARCH_USER_PATHS = NO;
				CLANG_ANALYZER_NONNULL = YES;
				CLANG_ANALYZER_NUMBER_OBJECT_CONVERSION = YES_AGGRESSIVE;
				CLANG_CXX_LANGUAGE_STANDARD = "gnu++20";
				CLANG_ENABLE_MODULES = YES;
				CLANG_ENABLE_OBJC_ARC = YES;
				CLANG_ENABLE_OBJC_WEAK = YES;
				CLANG_WARN_BLOCK_CAPTURE_AUTORELEASING = YES;
				CLANG_WARN_BOOL_CONVERSION = YES;
				CLANG_WARN_COMMA = YES;
				CLANG_WARN_CONSTANT_CONVERSION = YES;
				CLANG_WARN_DEPRECATED_OBJC_IMPLEMENTATIONS = YES;
				CLANG_WARN_DIRECT_OBJC_ISA_USAGE = YES_ERROR;
				CLANG_WARN_DOCUMENTATION_COMMENTS = YES;
				CLANG_WARN_EMPTY_BODY = YES;
				CLANG_WARN_ENUM_CONVERSION = YES;
				CLANG_WARN_INFINITE_RECURSION = YES;
				CLANG_WARN_INT_CONVERSION = YES;
				CLANG_WARN_NON_LITERAL_NULL_CONVERSION = YES;
				CLANG_WARN_OBJC_IMPLICIT_RETAIN_SELF = YES;
				CLANG_WARN_OBJC_LITERAL_CONVERSION = YES;
				CLANG_WARN_OBJC_ROOT_CLASS = YES_ERROR;
				CLANG_WARN_QUOTED_INCLUDE_IN_FRAMEWORK_HEADER = YES;
				CLANG_WARN_RANGE_LOOP_ANALYSIS = YES;
				CLANG_WARN_STRICT_PROTOTYPES = YES;
				CLANG_WARN_SUSPICIOUS_MOVE = YES;
				CLANG_WARN_UNGUARDED_AVAILABILITY = YES_AGGRESSIVE;
				CLANG_WARN_UNREACHABLE_CODE = YES;
				CLANG_WARN__DUPLICATE_METHOD_MATCH = YES;
				COPY_PHASE_STRIP = NO;
				DEBUG_INFORMATION_FORMAT = "dwarf-with-dsym";
				ENABLE_NS_ASSERTIONS = NO;
				ENABLE_STRICT_OBJC_MSGSEND = YES;
				GCC_C_LANGUAGE_STANDARD = gnu11;
				GCC_NO_COMMON_BLOCKS = YES;
				GCC_WARN_64_TO_32_BIT_CONVERSION = YES;
				GCC_WARN_ABOUT_RETURN_TYPE = YES_ERROR;
				GCC_WARN_UNDECLARED_SELECTOR = YES;
				GCC_WARN_UNINITIALIZED_AUTOS = YES_AGGRESSIVE;
				GCC_WARN_UNUSED_FUNCTION = YES;
				GCC_WARN_UNUSED_VARIABLE = YES;
				IPHONEOS_DEPLOYMENT_TARGET = 16.0;
				MTL_ENABLE_DEBUG_INFO = NO;
				MTL_FAST_MATH = YES;
				SDKROOT = iphoneos;
				SWIFT_COMPILATION_MODE = wholemodule;
				SWIFT_OPTIMIZATION_LEVEL = "-O";
				VALIDATE_PRODUCT = YES;
			};
			name = Release;
		};
		6ED8304E2BF77ED400484F7B /* Debug */ = {
			isa = XCBuildConfiguration;
			buildSettings = {
				ASSETCATALOG_COMPILER_APPICON_NAME = AppIcon;
				ASSETCATALOG_COMPILER_GLOBAL_ACCENT_COLOR_NAME = AccentColor;
				CODE_SIGN_STYLE = Automatic;
				CURRENT_PROJECT_VERSION = 1;
				DEVELOPMENT_ASSET_PATHS = "\"iosProject/Preview Content\"";
				ENABLE_PREVIEWS = YES;
				GENERATE_INFOPLIST_FILE = YES;
				INFOPLIST_KEY_UIApplicationSceneManifest_Generation = YES;
				INFOPLIST_KEY_UIApplicationSupportsIndirectInputEvents = YES;
				INFOPLIST_KEY_UILaunchScreen_Generation = YES;
				INFOPLIST_KEY_UISupportedInterfaceOrientations_iPad = "UIInterfaceOrientationPortrait UIInterfaceOrientationPortraitUpsideDown UIInterfaceOrientationLandscapeLeft UIInterfaceOrientationLandscapeRight";
				INFOPLIST_KEY_UISupportedInterfaceOrientations_iPhone = "UIInterfaceOrientationPortrait UIInterfaceOrientationLandscapeLeft UIInterfaceOrientationLandscapeRight";
				LD_RUNPATH_SEARCH_PATHS = (
					"$(inherited)",
					"@executable_path/Frameworks",
				);
				MARKETING_VERSION = 1.0;
				PRODUCT_BUNDLE_IDENTIFIER = oui.iosProject;
				PRODUCT_NAME = "$(TARGET_NAME)";
				SWIFT_EMIT_LOC_STRINGS = YES;
				SWIFT_VERSION = 5.0;
				TARGETED_DEVICE_FAMILY = "1,2";
			};
			name = Debug;
		};
		6ED8304F2BF77ED400484F7B /* Release */ = {
			isa = XCBuildConfiguration;
			buildSettings = {
				ASSETCATALOG_COMPILER_APPICON_NAME = AppIcon;
				ASSETCATALOG_COMPILER_GLOBAL_ACCENT_COLOR_NAME = AccentColor;
				CODE_SIGN_STYLE = Automatic;
				CURRENT_PROJECT_VERSION = 1;
				DEVELOPMENT_ASSET_PATHS = "\"iosProject/Preview Content\"";
				ENABLE_PREVIEWS = YES;
				GENERATE_INFOPLIST_FILE = YES;
				INFOPLIST_KEY_UIApplicationSceneManifest_Generation = YES;
				INFOPLIST_KEY_UIApplicationSupportsIndirectInputEvents = YES;
				INFOPLIST_KEY_UILaunchScreen_Generation = YES;
				INFOPLIST_KEY_UISupportedInterfaceOrientations_iPad = "UIInterfaceOrientationPortrait UIInterfaceOrientationPortraitUpsideDown UIInterfaceOrientationLandscapeLeft UIInterfaceOrientationLandscapeRight";
				INFOPLIST_KEY_UISupportedInterfaceOrientations_iPhone = "UIInterfaceOrientationPortrait UIInterfaceOrientationLandscapeLeft UIInterfaceOrientationLandscapeRight";
				LD_RUNPATH_SEARCH_PATHS = (
					"$(inherited)",
					"@executable_path/Frameworks",
				);
				MARKETING_VERSION = 1.0;
				PRODUCT_BUNDLE_IDENTIFIER = oui.iosProject;
				PRODUCT_NAME = "$(TARGET_NAME)";
				SWIFT_EMIT_LOC_STRINGS = YES;
				SWIFT_VERSION = 5.0;
				TARGETED_DEVICE_FAMILY = "1,2";
			};
			name = Release;
		};
		6ED830512BF77ED400484F7B /* Debug */ = {
			isa = XCBuildConfiguration;
			buildSettings = {
				ALWAYS_EMBED_SWIFT_STANDARD_LIBRARIES = YES;
				BUNDLE_LOADER = "$(TEST_HOST)";
				CODE_SIGN_STYLE = Automatic;
				CURRENT_PROJECT_VERSION = 1;
				GENERATE_INFOPLIST_FILE = YES;
				IPHONEOS_DEPLOYMENT_TARGET = 16.0;
				MARKETING_VERSION = 1.0;
				PRODUCT_BUNDLE_IDENTIFIER = oui.iosProjectTests;
				PRODUCT_NAME = "$(TARGET_NAME)";
				SWIFT_EMIT_LOC_STRINGS = NO;
				SWIFT_VERSION = 5.0;
				TARGETED_DEVICE_FAMILY = "1,2";
				TEST_HOST = "$(BUILT_PRODUCTS_DIR)/iosProject.app/$(BUNDLE_EXECUTABLE_FOLDER_PATH)/iosProject";
			};
			name = Debug;
		};
		6ED830522BF77ED400484F7B /* Release */ = {
			isa = XCBuildConfiguration;
			buildSettings = {
				ALWAYS_EMBED_SWIFT_STANDARD_LIBRARIES = YES;
				BUNDLE_LOADER = "$(TEST_HOST)";
				CODE_SIGN_STYLE = Automatic;
				CURRENT_PROJECT_VERSION = 1;
				GENERATE_INFOPLIST_FILE = YES;
				IPHONEOS_DEPLOYMENT_TARGET = 16.0;
				MARKETING_VERSION = 1.0;
				PRODUCT_BUNDLE_IDENTIFIER = oui.iosProjectTests;
				PRODUCT_NAME = "$(TARGET_NAME)";
				SWIFT_EMIT_LOC_STRINGS = NO;
				SWIFT_VERSION = 5.0;
				TARGETED_DEVICE_FAMILY = "1,2";
				TEST_HOST = "$(BUILT_PRODUCTS_DIR)/iosProject.app/$(BUNDLE_EXECUTABLE_FOLDER_PATH)/iosProject";
			};
			name = Release;
		};
		6ED830542BF77ED400484F7B /* Debug */ = {
			isa = XCBuildConfiguration;
			buildSettings = {
				ALWAYS_EMBED_SWIFT_STANDARD_LIBRARIES = YES;
				CODE_SIGN_STYLE = Automatic;
				CURRENT_PROJECT_VERSION = 1;
				GENERATE_INFOPLIST_FILE = YES;
				MARKETING_VERSION = 1.0;
				PRODUCT_BUNDLE_IDENTIFIER = oui.iosProjectUITests;
				PRODUCT_NAME = "$(TARGET_NAME)";
				SWIFT_EMIT_LOC_STRINGS = NO;
				SWIFT_VERSION = 5.0;
				TARGETED_DEVICE_FAMILY = "1,2";
				TEST_TARGET_NAME = iosProject;
			};
			name = Debug;
		};
		6ED830552BF77ED400484F7B /* Release */ = {
			isa = XCBuildConfiguration;
			buildSettings = {
				ALWAYS_EMBED_SWIFT_STANDARD_LIBRARIES = YES;
				CODE_SIGN_STYLE = Automatic;
				CURRENT_PROJECT_VERSION = 1;
				GENERATE_INFOPLIST_FILE = YES;
				MARKETING_VERSION = 1.0;
				PRODUCT_BUNDLE_IDENTIFIER = oui.iosProjectUITests;
				PRODUCT_NAME = "$(TARGET_NAME)";
				SWIFT_EMIT_LOC_STRINGS = NO;
				SWIFT_VERSION = 5.0;
				TARGETED_DEVICE_FAMILY = "1,2";
				TEST_TARGET_NAME = iosProject;
			};
			name = Release;
		};
/* End XCBuildConfiguration section */

/* Begin XCConfigurationList section */
		6ED830242BF77ED200484F7B /* Build configuration list for PBXProject "iosProject" */ = {
			isa = XCConfigurationList;
			buildConfigurations = (
				6ED8304B2BF77ED400484F7B /* Debug */,
				6ED8304C2BF77ED400484F7B /* Release */,
			);
			defaultConfigurationIsVisible = 0;
			defaultConfigurationName = Release;
		};
		6ED8304D2BF77ED400484F7B /* Build configuration list for PBXNativeTarget "iosProject" */ = {
			isa = XCConfigurationList;
			buildConfigurations = (
				6ED8304E2BF77ED400484F7B /* Debug */,
				6ED8304F2BF77ED400484F7B /* Release */,
			);
			defaultConfigurationIsVisible = 0;
			defaultConfigurationName = Release;
		};
		6ED830502BF77ED400484F7B /* Build configuration list for PBXNativeTarget "iosProjectTests" */ = {
			isa = XCConfigurationList;
			buildConfigurations = (
				6ED830512BF77ED400484F7B /* Debug */,
				6ED830522BF77ED400484F7B /* Release */,
			);
			defaultConfigurationIsVisible = 0;
			defaultConfigurationName = Release;
		};
		6ED830532BF77ED400484F7B /* Build configuration list for PBXNativeTarget "iosProjectUITests" */ = {
			isa = XCConfigurationList;
			buildConfigurations = (
				6ED830542BF77ED400484F7B /* Debug */,
				6ED830552BF77ED400484F7B /* Release */,
			);
			defaultConfigurationIsVisible = 0;
			defaultConfigurationName = Release;
		};
/* End XCConfigurationList section */
	};
	rootObject = 6ED830212BF77ED200484F7B /* Project object */;
}
